
Microsoft Visual Studio Solution File, Format Version 11.00
# Visual Studio 2010
Project("{8BC9CEB8-8B4A-11D0-8D11-00A0C91BC942}") = "xl文件载入解析", "xl文件载入解析\xl文件载入解析.vcxproj", "{DC0F8967-87C2-4587-9196-8C2666738C48}"
EndProject
Global
	GlobalSection(SolutionConfigurationPlatforms) = preSolution
		Debug|Win32 = Debug|Win32
		Release|Win32 = Release|Win32
	EndGlobalSection
	GlobalSection(ProjectConfigurationPlatforms) = postSolution
		{DC0F8967-87C2-4587-9196-8C2666738C48}.Debug|Win32.ActiveCfg = Debug|Win32
		{DC0F8967-87C2-4587-9196-8C2666738C48}.Debug|Win32.Build.0 = Debug|Win32
		{DC0F8967-87C2-4587-9196-8C2666738C48}.Release|Win32.ActiveCfg = Release|Win32
		{DC0F8967-87C2-4587-9196-8C2666738C48}.Release|Win32.Build.0 = Release|Win32
	EndGlobalSection
	GlobalSection(SolutionProperties) = preSolution
		HideSolutionNode = FALSE
	EndGlobalSection
EndGlobal
